
Microsoft Visual Studio Solution File, Format Version 12.00
# Visual Studio Version 17
VisualStudioVersion = 17.7.34024.191
MinimumVisualStudioVersion = 10.0.40219.1
Project("{FAE04EC0-301F-11D3-BF4B-00C04F79EFBC}") = "gims_1", "gims_1\gims_1.csproj", "{A6E8759F-0FEF-4B09-9806-9B6952B9F355}"
EndProject
Global
	GlobalSection(SolutionConfigurationPlatforms) = preSolution
		Debug|Any CPU = Debug|Any CPU
		Release|Any CPU = Release|Any CPU
	EndGlobalSection
	GlobalSection(ProjectConfigurationPlatforms) = postSolution
		{A6E8759F-0FEF-4B09-9806-9B6952B9F355}.Debug|Any CPU.ActiveCfg = Debug|Any CPU
		{A6E8759F-0FEF-4B09-9806-9B6952B9F355}.Debug|Any CPU.Build.0 = Debug|Any CPU
		{A6E8759F-0FEF-4B09-9806-9B6952B9F355}.Release|Any CPU.ActiveCfg = Release|Any CPU
		{A6E8759F-0FEF-4B09-9806-9B6952B9F355}.Release|Any CPU.Build.0 = Release|Any CPU
	EndGlobalSection
	GlobalSection(SolutionProperties) = preSolution
		HideSolutionNode = FALSE
	EndGlobalSection
	GlobalSection(ExtensibilityGlobals) = postSolution
		SolutionGuid = {3E30F810-51F6-46AD-89B8-552CFB2E16EB}
	EndGlobalSection
EndGlobal
